// !$*UTF8*$!
{
	archiveVersion = 1;
	classes = {
	};
	objectVersion = 50;
	objects = {

/* Begin PBXBuildFile section */
		1EA3C809254DF21000DE262F /* AppDelegate.swift in Sources */ = {isa = PBXBuildFile; fileRef = 1EA3C808254DF21000DE262F /* AppDelegate.swift */; };
		1EA3C80B254DF21000DE262F /* SceneDelegate.swift in Sources */ = {isa = PBXBuildFile; fileRef = 1EA3C80A254DF21000DE262F /* SceneDelegate.swift */; };
		1EA3C80D254DF21000DE262F /* TripTableViewControllerUI.swift in Sources */ = {isa = PBXBuildFile; fileRef = 1EA3C80C254DF21000DE262F /* TripTableViewControllerUI.swift */; };
		1EA3C810254DF21000DE262F /* Main.storyboard in Resources */ = {isa = PBXBuildFile; fileRef = 1EA3C80E254DF21000DE262F /* Main.storyboard */; };
		1EA3C812254DF21300DE262F /* Assets.xcassets in Resources */ = {isa = PBXBuildFile; fileRef = 1EA3C811254DF21300DE262F /* Assets.xcassets */; };
		1EA3C815254DF21300DE262F /* LaunchScreen.storyboard in Resources */ = {isa = PBXBuildFile; fileRef = 1EA3C813254DF21300DE262F /* LaunchScreen.storyboard */; };
		1EA3C81E254DF66000DE262F /* TripDetailViewControllerUI.swift in Sources */ = {isa = PBXBuildFile; fileRef = 1EA3C81D254DF66000DE262F /* TripDetailViewControllerUI.swift */; };
		1EA3C8282554B87700DE262F /* Trip.swift in Sources */ = {isa = PBXBuildFile; fileRef = 1EA3C8272554B87700DE262F /* Trip.swift */; };
		1EA3C82B2554C0DA00DE262F /* TripTableViewCell.swift in Sources */ = {isa = PBXBuildFile; fileRef = 1EA3C82A2554C0DA00DE262F /* TripTableViewCell.swift */; };
		1EA3C8312554D54100DE262F /* TripViewController.swift in Sources */ = {isa = PBXBuildFile; fileRef = 1EA3C8302554D54100DE262F /* TripViewController.swift */; };
		1EA3C8372554E04100DE262F /* AddTripViewControllerUI.swift in Sources */ = {isa = PBXBuildFile; fileRef = 1EA3C8362554E04100DE262F /* AddTripViewControllerUI.swift */; };
/* End PBXBuildFile section */

/* Begin PBXFileReference section */
		1EA3C805254DF21000DE262F /* PA6.app */ = {isa = PBXFileReference; explicitFileType = wrapper.application; includeInIndex = 0; path = PA6.app; sourceTree = BUILT_PRODUCTS_DIR; };
		1EA3C808254DF21000DE262F /* AppDelegate.swift */ = {isa = PBXFileReference; lastKnownFileType = sourcecode.swift; path = AppDelegate.swift; sourceTree = "<group>"; };
		1EA3C80A254DF21000DE262F /* SceneDelegate.swift */ = {isa = PBXFileReference; lastKnownFileType = sourcecode.swift; path = SceneDelegate.swift; sourceTree = "<group>"; };
		1EA3C80C254DF21000DE262F /* TripTableViewControllerUI.swift */ = {isa = PBXFileReference; lastKnownFileType = sourcecode.swift; path = TripTableViewControllerUI.swift; sourceTree = "<group>"; };
		1EA3C80F254DF21000DE262F /* Base */ = {isa = PBXFileReference; lastKnownFileType = file.storyboard; name = Base; path = Base.lproj/Main.storyboard; sourceTree = "<group>"; };
		1EA3C811254DF21300DE262F /* Assets.xcassets */ = {isa = PBXFileReference; lastKnownFileType = folder.assetcatalog; path = Assets.xcassets; sourceTree = "<group>"; };
		1EA3C814254DF21300DE262F /* Base */ = {isa = PBXFileReference; lastKnownFileType = file.storyboard; name = Base; path = Base.lproj/LaunchScreen.storyboard; sourceTree = "<group>"; };
		1EA3C816254DF21300DE262F /* Info.plist */ = {isa = PBXFileReference; lastKnownFileType = text.plist.xml; path = Info.plist; sourceTree = "<group>"; };
		1EA3C81D254DF66000DE262F /* TripDetailViewControllerUI.swift */ = {isa = PBXFileReference; lastKnownFileType = sourcecode.swift; path = TripDetailViewControllerUI.swift; sourceTree = "<group>"; };
		1EA3C8272554B87700DE262F /* Trip.swift */ = {isa = PBXFileReference; lastKnownFileType = sourcecode.swift; path = Trip.swift; sourceTree = "<group>"; };
		1EA3C82A2554C0DA00DE262F /* TripTableViewCell.swift */ = {isa = PBXFileReference; lastKnownFileType = sourcecode.swift; path = TripTableViewCell.swift; sourceTree = "<group>"; };
		1EA3C8302554D54100DE262F /* TripViewController.swift */ = {isa = PBXFileReference; lastKnownFileType = sourcecode.swift; path = TripViewController.swift; sourceTree = "<group>"; };
		1EA3C8362554E04100DE262F /* AddTripViewControllerUI.swift */ = {isa = PBXFileReference; lastKnownFileType = sourcecode.swift; path = AddTripViewControllerUI.swift; sourceTree = "<group>"; };
/* End PBXFileReference section */

/* Begin PBXFrameworksBuildPhase section */
		1EA3C802254DF21000DE262F /* Frameworks */ = {
			isa = PBXFrameworksBuildPhase;
			buildActionMask = 2147483647;
			files = (
			);
			runOnlyForDeploymentPostprocessing = 0;
		};
/* End PBXFrameworksBuildPhase section */

/* Begin PBXGroup section */
		1EA3C7FC254DF21000DE262F = {
			isa = PBXGroup;
			children = (
				1EA3C807254DF21000DE262F /* PA6 */,
				1EA3C806254DF21000DE262F /* Products */,
			);
			sourceTree = "<group>";
		};
		1EA3C806254DF21000DE262F /* Products */ = {
			isa = PBXGroup;
			children = (
				1EA3C805254DF21000DE262F /* PA6.app */,
			);
			name = Products;
			sourceTree = "<group>";
		};
		1EA3C807254DF21000DE262F /* PA6 */ = {
			isa = PBXGroup;
			children = (
				1EA3C808254DF21000DE262F /* AppDelegate.swift */,
				1EA3C80A254DF21000DE262F /* SceneDelegate.swift */,
				1EA3C80C254DF21000DE262F /* TripTableViewControllerUI.swift */,
				1EA3C82A2554C0DA00DE262F /* TripTableViewCell.swift */,
				1EA3C8302554D54100DE262F /* TripViewController.swift */,
				1EA3C81D254DF66000DE262F /* TripDetailViewControllerUI.swift */,
				1EA3C8362554E04100DE262F /* AddTripViewControllerUI.swift */,
				1EA3C80E254DF21000DE262F /* Main.storyboard */,
				1EA3C811254DF21300DE262F /* Assets.xcassets */,
				1EA3C813254DF21300DE262F /* LaunchScreen.storyboard */,
				1EA3C816254DF21300DE262F /* Info.plist */,
				1EA3C8272554B87700DE262F /* Trip.swift */,
			);
			path = PA6;
			sourceTree = "<group>";
		};
/* End PBXGroup section */

/* Begin PBXNativeTarget section */
		1EA3C804254DF21000DE262F /* PA6 */ = {
			isa = PBXNativeTarget;
			buildConfigurationList = 1EA3C819254DF21300DE262F /* Build configuration list for PBXNativeTarget "PA6" */;
			buildPhases = (
				1EA3C801254DF21000DE262F /* Sources */,
				1EA3C802254DF21000DE262F /* Frameworks */,
				1EA3C803254DF21000DE262F /* Resources */,
			);
			buildRules = (
			);
			dependencies = (
			);
			name = PA6;
			productName = PA6;
			productReference = 1EA3C805254DF21000DE262F /* PA6.app */;
			productType = "com.apple.product-type.application";
		};
/* End PBXNativeTarget section */

/* Begin PBXProject section */
		1EA3C7FD254DF21000DE262F /* Project object */ = {
			isa = PBXProject;
			attributes = {
				LastSwiftUpdateCheck = 1210;
				LastUpgradeCheck = 1210;
				TargetAttributes = {
					1EA3C804254DF21000DE262F = {
						CreatedOnToolsVersion = 12.1;
					};
				};
			};
			buildConfigurationList = 1EA3C800254DF21000DE262F /* Build configuration list for PBXProject "PA6" */;
			compatibilityVersion = "Xcode 9.3";
			developmentRegion = en;
			hasScannedForEncodings = 0;
			knownRegions = (
				en,
				Base,
			);
			mainGroup = 1EA3C7FC254DF21000DE262F;
			productRefGroup = 1EA3C806254DF21000DE262F /* Products */;
			projectDirPath = "";
			projectRoot = "";
			targets = (
				1EA3C804254DF21000DE262F /* PA6 */,
			);
		};
/* End PBXProject section */

/* Begin PBXResourcesBuildPhase section */
		1EA3C803254DF21000DE262F /* Resources */ = {
			isa = PBXResourcesBuildPhase;
			buildActionMask = 2147483647;
			files = (
				1EA3C815254DF21300DE262F /* LaunchScreen.storyboard in Resources */,
				1EA3C812254DF21300DE262F /* Assets.xcassets in Resources */,
				1EA3C810254DF21000DE262F /* Main.storyboard in Resources */,
			);
			runOnlyForDeploymentPostprocessing = 0;
		};
/* End PBXResourcesBuildPhase section */

/* Begin PBXSourcesBuildPhase section */
		1EA3C801254DF21000DE262F /* Sources */ = {
			isa = PBXSourcesBuildPhase;
			buildActionMask = 2147483647;
			files = (
				1EA3C8312554D54100DE262F /* TripViewController.swift in Sources */,
				1EA3C80D254DF21000DE262F /* TripTableViewControllerUI.swift in Sources */,
				1EA3C82B2554C0DA00DE262F /* TripTableViewCell.swift in Sources */,
				1EA3C809254DF21000DE262F /* AppDelegate.swift in Sources */,
				1EA3C8282554B87700DE262F /* Trip.swift in Sources */,
				1EA3C8372554E04100DE262F /* AddTripViewControllerUI.swift in Sources */,
				1EA3C81E254DF66000DE262F /* TripDetailViewControllerUI.swift in Sources */,
				1EA3C80B254DF21000DE262F /* SceneDelegate.swift in Sources */,
			);
			runOnlyForDeploymentPostprocessing = 0;
		};
/* End PBXSourcesBuildPhase section */

/* Begin PBXVariantGroup section */
		1EA3C80E254DF21000DE262F /* Main.storyboard */ = {
			isa = PBXVariantGroup;
			children = (
				1EA3C80F254DF21000DE262F /* Base */,
			);
			name = Main.storyboard;
			sourceTree = "<group>";
		};
		1EA3C813254DF21300DE262F /* LaunchScreen.storyboard */ = {
			isa = PBXVariantGroup;
			children = (
				1EA3C814254DF21300DE262F /* Base */,
			);
			name = LaunchScreen.storyboard;
			sourceTree = "<group>";
		};
/* End PBXVariantGroup section */

/* Begin XCBuildConfiguration section */
		1EA3C817254DF21300DE262F /* Debug */ = {
			isa = XCBuildConfiguration;
			buildSettings = {
				ALWAYS_SEARCH_USER_PATHS = NO;
				CLANG_ANALYZER_NONNULL = YES;
				CLANG_ANALYZER_NUMBER_OBJECT_CONVERSION = YES_AGGRESSIVE;
				CLANG_CXX_LANGUAGE_STANDARD = "gnu++14";
				CLANG_CXX_LIBRARY = "libc++";
				CLANG_ENABLE_MODULES = YES;
				CLANG_ENABLE_OBJC_ARC = YES;
				CLANG_ENABLE_OBJC_WEAK = YES;
				CLANG_WARN_BLOCK_CAPTURE_AUTORELEASING = YES;
				CLANG_WARN_BOOL_CONVERSION = YES;
				CLANG_WARN_COMMA = YES;
				CLANG_WARN_CONSTANT_CONVERSION = YES;
				CLANG_WARN_DEPRECATED_OBJC_IMPLEMENTATIONS = YES;
				CLANG_WARN_DIRECT_OBJC_ISA_USAGE = YES_ERROR;
				CLANG_WARN_DOCUMENTATION_COMMENTS = YES;
				CLANG_WARN_EMPTY_BODY = YES;
				CLANG_WARN_ENUM_CONVERSION = YES;
				CLANG_WARN_INFINITE_RECURSION = YES;
				CLANG_WARN_INT_CONVERSION = YES;
				CLANG_WARN_NON_LITERAL_NULL_CONVERSION = YES;
				CLANG_WARN_OBJC_IMPLICIT_RETAIN_SELF = YES;
				CLANG_WARN_OBJC_LITERAL_CONVERSION = YES;
				CLANG_WARN_OBJC_ROOT_CLASS = YES_ERROR;
				CLANG_WARN_QUOTED_INCLUDE_IN_FRAMEWORK_HEADER = YES;
				CLANG_WARN_RANGE_LOOP_ANALYSIS = YES;
				CLANG_WARN_STRICT_PROTOTYPES = YES;
				CLANG_WARN_SUSPICIOUS_MOVE = YES;
				CLANG_WARN_UNGUARDED_AVAILABILITY = YES_AGGRESSIVE;
				CLANG_WARN_UNREACHABLE_CODE = YES;
				CLANG_WARN__DUPLICATE_METHOD_MATCH = YES;
				COPY_PHASE_STRIP = NO;
				DEBUG_INFORMATION_FORMAT = dwarf;
				ENABLE_STRICT_OBJC_MSGSEND = YES;
				ENABLE_TESTABILITY = YES;
				GCC_C_LANGUAGE_STANDARD = gnu11;
				GCC_DYNAMIC_NO_PIC = NO;
				GCC_NO_COMMON_BLOCKS = YES;
				GCC_OPTIMIZATION_LEVEL = 0;
				GCC_PREPROCESSOR_DEFINITIONS = (
					"DEBUG=1",
					"$(inherited)",
				);
				GCC_WARN_64_TO_32_BIT_CONVERSION = YES;
				GCC_WARN_ABOUT_RETURN_TYPE = YES_ERROR;
				GCC_WARN_UNDECLARED_SELECTOR = YES;
				GCC_WARN_UNINITIALIZED_AUTOS = YES_AGGRESSIVE;
				GCC_WARN_UNUSED_FUNCTION = YES;
				GCC_WARN_UNUSED_VARIABLE = YES;
				IPHONEOS_DEPLOYMENT_TARGET = 14.1;
				MTL_ENABLE_DEBUG_INFO = INCLUDE_SOURCE;
				MTL_FAST_MATH = YES;
				ONLY_ACTIVE_ARCH = YES;
				SDKROOT = iphoneos;
				SWIFT_ACTIVE_COMPILATION_CONDITIONS = DEBUG;
				SWIFT_OPTIMIZATION_LEVEL = "-Onone";
			};
			name = Debug;
		};
		1EA3C818254DF21300DE262F /* Release */ = {
			isa = XCBuildConfiguration;
			buildSettings = {
				ALWAYS_SEARCH_USER_PATHS = NO;
				CLANG_ANALYZER_NONNULL = YES;
				CLANG_ANALYZER_NUMBER_OBJECT_CONVERSION = YES_AGGRESSIVE;
				CLANG_CXX_LANGUAGE_STANDARD = "gnu++14";
				CLANG_CXX_LIBRARY = "libc++";
				CLANG_ENABLE_MODULES = YES;
				CLANG_ENABLE_OBJC_ARC = YES;
				CLANG_ENABLE_OBJC_WEAK = YES;
				CLANG_WARN_BLOCK_CAPTURE_AUTORELEASING = YES;
				CLANG_WARN_BOOL_CONVERSION = YES;
				CLANG_WARN_COMMA = YES;
				CLANG_WARN_CONSTANT_CONVERSION = YES;
				CLANG_WARN_DEPRECATED_OBJC_IMPLEMENTATIONS = YES;
				CLANG_WARN_DIRECT_OBJC_ISA_USAGE = YES_ERROR;
				CLANG_WARN_DOCUMENTATION_COMMENTS = YES;
				CLANG_WARN_EMPTY_BODY = YES;
				CLANG_WARN_ENUM_CONVERSION = YES;
				CLANG_WARN_INFINITE_RECURSION = YES;
				CLANG_WARN_INT_CONVERSION = YES;
				CLANG_WARN_NON_LITERAL_NULL_CONVERSION = YES;
				CLANG_WARN_OBJC_IMPLICIT_RETAIN_SELF = YES;
				CLANG_WARN_OBJC_LITERAL_CONVERSION = YES;
				CLANG_WARN_OBJC_ROOT_CLASS = YES_ERROR;
				CLANG_WARN_QUOTED_INCLUDE_IN_FRAMEWORK_HEADER = YES;
				CLANG_WARN_RANGE_LOOP_ANALYSIS = YES;
				CLANG_WARN_STRICT_PROTOTYPES = YES;
				CLANG_WARN_SUSPICIOUS_MOVE = YES;
				CLANG_WARN_UNGUARDED_AVAILABILITY = YES_AGGRESSIVE;
				CLANG_WARN_UNREACHABLE_CODE = YES;
				CLANG_WARN__DUPLICATE_METHOD_MATCH = YES;
				COPY_PHASE_STRIP = NO;
				DEBUG_INFORMATION_FORMAT = "dwarf-with-dsym";
				ENABLE_NS_ASSERTIONS = NO;
				ENABLE_STRICT_OBJC_MSGSEND = YES;
				GCC_C_LANGUAGE_STANDARD = gnu11;
				GCC_NO_COMMON_BLOCKS = YES;
				GCC_WARN_64_TO_32_BIT_CONVERSION = YES;
				GCC_WARN_ABOUT_RETURN_TYPE = YES_ERROR;
				GCC_WARN_UNDECLARED_SELECTOR = YES;
				GCC_WARN_UNINITIALIZED_AUTOS = YES_AGGRESSIVE;
				GCC_WARN_UNUSED_FUNCTION = YES;
				GCC_WARN_UNUSED_VARIABLE = YES;
				IPHONEOS_DEPLOYMENT_TARGET = 14.1;
				MTL_ENABLE_DEBUG_INFO = NO;
				MTL_FAST_MATH = YES;
				SDKROOT = iphoneos;
				SWIFT_COMPILATION_MODE = wholemodule;
				SWIFT_OPTIMIZATION_LEVEL = "-O";
				VALIDATE_PRODUCT = YES;
			};
			name = Release;
		};
		1EA3C81A254DF21300DE262F /* Debug */ = {
			isa = XCBuildConfiguration;
			buildSettings = {
				ASSETCATALOG_COMPILER_APPICON_NAME = AppIcon;
				ASSETCATALOG_COMPILER_GLOBAL_ACCENT_COLOR_NAME = AccentColor;
				CODE_SIGN_STYLE = Automatic;
				DEVELOPMENT_TEAM = GUYPJD4NUE;
				INFOPLIST_FILE = PA6/Info.plist;
				LD_RUNPATH_SEARCH_PATHS = (
					"$(inherited)",
					"@executable_path/Frameworks",
				);
				PRODUCT_BUNDLE_IDENTIFIER = com.example.PA6;
				PRODUCT_NAME = "$(TARGET_NAME)";
				SWIFT_VERSION = 5.0;
				TARGETED_DEVICE_FAMILY = "1,2";
			};
			name = Debug;
		};
		1EA3C81B254DF21300DE262F /* Release */ = {
			isa = XCBuildConfiguration;
			buildSettings = {
				ASSETCATALOG_COMPILER_APPICON_NAME = AppIcon;
				ASSETCATALOG_COMPILER_GLOBAL_ACCENT_COLOR_NAME = AccentColor;
				CODE_SIGN_STYLE = Automatic;
				DEVELOPMENT_TEAM = GUYPJD4NUE;
				INFOPLIST_FILE = PA6/Info.plist;
				LD_RUNPATH_SEARCH_PATHS = (
					"$(inherited)",
					"@executable_path/Frameworks",
				);
				PRODUCT_BUNDLE_IDENTIFIER = com.example.PA6;
				PRODUCT_NAME = "$(TARGET_NAME)";
				SWIFT_VERSION = 5.0;
				TARGETED_DEVICE_FAMILY = "1,2";
			};
			name = Release;
		};
/* End XCBuildConfiguration section */

/* Begin XCConfigurationList section */
		1EA3C800254DF21000DE262F /* Build configuration list for PBXProject "PA6" */ = {
			isa = XCConfigurationList;
			buildConfigurations = (
				1EA3C817254DF21300DE262F /* Debug */,
				1EA3C818254DF21300DE262F /* Release */,
			);
			defaultConfigurationIsVisible = 0;
			defaultConfigurationName = Release;
		};
		1EA3C819254DF21300DE262F /* Build configuration list for PBXNativeTarget "PA6" */ = {
			isa = XCConfigurationList;
			buildConfigurations = (
				1EA3C81A254DF21300DE262F /* Debug */,
				1EA3C81B254DF21300DE262F /* Release */,
			);
			defaultConfigurationIsVisible = 0;
			defaultConfigurationName = Release;
		};
/* End XCConfigurationList section */
	};
	rootObject = 1EA3C7FD254DF21000DE262F /* Project object */;
}
